
Microsoft Visual Studio Solution File, Format Version 12.00
# Visual Studio Version 17
VisualStudioVersion = 17.13.35825.156 d17.13
MinimumVisualStudioVersion = 10.0.40219.1
Project("{FAE04EC0-301F-11D3-BF4B-00C04F79EFBC}") = "AuraHospital", "AuraHospital\AuraHospital.csproj", "{F53BD07A-4970-4943-A25A-FED5A30F7925}"
EndProject
Global
	GlobalSection(SolutionConfigurationPlatforms) = preSolution
		Debug|Any CPU = Debug|Any CPU
		Release|Any CPU = Release|Any CPU
	EndGlobalSection
	GlobalSection(ProjectConfigurationPlatforms) = postSolution
		{F53BD07A-4970-4943-A25A-FED5A30F7925}.Debug|Any CPU.ActiveCfg = Debug|Any CPU
		{F53BD07A-4970-4943-A25A-FED5A30F7925}.Debug|Any CPU.Build.0 = Debug|Any CPU
		{F53BD07A-4970-4943-A25A-FED5A30F7925}.Release|Any CPU.ActiveCfg = Release|Any CPU
		{F53BD07A-4970-4943-A25A-FED5A30F7925}.Release|Any CPU.Build.0 = Release|Any CPU
	EndGlobalSection
	GlobalSection(SolutionProperties) = preSolution
		HideSolutionNode = FALSE
	EndGlobalSection
	GlobalSection(ExtensibilityGlobals) = postSolution
		SolutionGuid = {88E165C1-972A-45DB-8E29-B92A81E9D23B}
	EndGlobalSection
EndGlobal
